
Microsoft Visual Studio Solution File, Format Version 12.00
# Visual Studio Version 16
VisualStudioVersion = 16.0.31129.286
MinimumVisualStudioVersion = 10.0.40219.1
Project("{FAE04EC0-301F-11D3-BF4B-00C04F79EFBC}") = "AFMN", "AFMN\AFMN.csproj", "{0AD8817B-E8B0-42AA-9E89-3C4DCCD9619B}"
EndProject
Global
	GlobalSection(SolutionConfigurationPlatforms) = preSolution
		Debug|Any CPU = Debug|Any CPU
		Release|Any CPU = Release|Any CPU
	EndGlobalSection
	GlobalSection(ProjectConfigurationPlatforms) = postSolution
		{0AD8817B-E8B0-42AA-9E89-3C4DCCD9619B}.Debug|Any CPU.ActiveCfg = Debug|Any CPU
		{0AD8817B-E8B0-42AA-9E89-3C4DCCD9619B}.Debug|Any CPU.Build.0 = Debug|Any CPU
		{0AD8817B-E8B0-42AA-9E89-3C4DCCD9619B}.Release|Any CPU.ActiveCfg = Release|Any CPU
		{0AD8817B-E8B0-42AA-9E89-3C4DCCD9619B}.Release|Any CPU.Build.0 = Release|Any CPU
	EndGlobalSection
	GlobalSection(SolutionProperties) = preSolution
		HideSolutionNode = FALSE
	EndGlobalSection
	GlobalSection(ExtensibilityGlobals) = postSolution
		SolutionGuid = {37ED8FC2-EBE4-4816-8044-FAE36F103795}
	EndGlobalSection
EndGlobal
